// !$*UTF8*$!
{
	archiveVersion = 1;
	classes = {
	};
	objectVersion = 56;
	objects = {

/* Begin PBXBuildFile section */
		060637DC2A5473380070B85E /* PaletteViewModel.swift in Sources */ = {isa = PBXBuildFile; fileRef = 060637DB2A5473380070B85E /* PaletteViewModel.swift */; };
		06448AF52B189EC800EA9CA6 /* Diamond.metal in Sources */ = {isa = PBXBuildFile; fileRef = 06448AEC2B189EC800EA9CA6 /* Diamond.metal */; };
		06448AF62B189EC800EA9CA6 /* CircleWave.metal in Sources */ = {isa = PBXBuildFile; fileRef = 06448AED2B189EC800EA9CA6 /* CircleWave.metal */; };
		06448AF72B189EC800EA9CA6 /* Pixellate.metal in Sources */ = {isa = PBXBuildFile; fileRef = 06448AEE2B189EC800EA9CA6 /* Pixellate.metal */; };
		06448AF82B189EC800EA9CA6 /* DiamondWave.metal in Sources */ = {isa = PBXBuildFile; fileRef = 06448AEF2B189EC800EA9CA6 /* DiamondWave.metal */; };
		06448AF92B189EC800EA9CA6 /* Radial.metal in Sources */ = {isa = PBXBuildFile; fileRef = 06448AF02B189EC800EA9CA6 /* Radial.metal */; };
		06448AFA2B189EC800EA9CA6 /* Circle.metal in Sources */ = {isa = PBXBuildFile; fileRef = 06448AF12B189EC800EA9CA6 /* Circle.metal */; };
		06448AFB2B189EC800EA9CA6 /* Crosswarp.metal in Sources */ = {isa = PBXBuildFile; fileRef = 06448AF22B189EC800EA9CA6 /* Crosswarp.metal */; };
		06448AFC2B189EC800EA9CA6 /* Wind.metal in Sources */ = {isa = PBXBuildFile; fileRef = 06448AF32B189EC800EA9CA6 /* Wind.metal */; };
		06448AFD2B189EC800EA9CA6 /* Swirl.metal in Sources */ = {isa = PBXBuildFile; fileRef = 06448AF42B189EC800EA9CA6 /* Swirl.metal */; };
		06448B042B189ED600EA9CA6 /* TransitionShader.swift in Sources */ = {isa = PBXBuildFile; fileRef = 06448AFF2B189ED600EA9CA6 /* TransitionShader.swift */; };
		0665ED242B1617BF003235B6 /* ButtonsPanelView.swift in Sources */ = {isa = PBXBuildFile; fileRef = 0665ED232B1617BF003235B6 /* ButtonsPanelView.swift */; };
		0665ED262B161A9B003235B6 /* PalettesEnum.swift in Sources */ = {isa = PBXBuildFile; fileRef = 0665ED252B161A9B003235B6 /* PalettesEnum.swift */; };
		0683CD802B33161D00AA61C0 /* MeditationView.swift in Sources */ = {isa = PBXBuildFile; fileRef = 0683CD7F2B33161D00AA61C0 /* MeditationView.swift */; };
		0683CD822B33168300AA61C0 /* MeditationViewModel.swift in Sources */ = {isa = PBXBuildFile; fileRef = 0683CD812B33168300AA61C0 /* MeditationViewModel.swift */; };
		0691504D2B07E1F500D25120 /* CircleWave.metal in Sources */ = {isa = PBXBuildFile; fileRef = 0691504C2B07E1F500D25120 /* CircleWave.metal */; };
		069150502B07E27E00D25120 /* Transitions.swift in Sources */ = {isa = PBXBuildFile; fileRef = 0691504F2B07E27E00D25120 /* Transitions.swift */; };
		06BFC4602AF2527100608D3F /* ShaderScreen.swift in Sources */ = {isa = PBXBuildFile; fileRef = 06BFC45F2AF2527100608D3F /* ShaderScreen.swift */; };
		06BFC4622AF252EB00608D3F /* PaletteScreen.swift in Sources */ = {isa = PBXBuildFile; fileRef = 06BFC4612AF252EB00608D3F /* PaletteScreen.swift */; };
		06BFC4652AF2534500608D3F /* View+Ext.swift in Sources */ = {isa = PBXBuildFile; fileRef = 06BFC4642AF2534500608D3F /* View+Ext.swift */; };
		06BFC4672AF2570500608D3F /* SettingsView.swift in Sources */ = {isa = PBXBuildFile; fileRef = 06BFC4662AF2570500608D3F /* SettingsView.swift */; };
		06BFC4692AF257C100608D3F /* MeditationScreen.swift in Sources */ = {isa = PBXBuildFile; fileRef = 06BFC4682AF257C100608D3F /* MeditationScreen.swift */; };
		06CCB77D2A73DD050020DE78 /* AudioAnalizer.swift in Sources */ = {isa = PBXBuildFile; fileRef = 06CCB77C2A73DD050020DE78 /* AudioAnalizer.swift */; };
		D408B3302B07BD1900A11E5E /* PaddingBottomModifier.swift in Sources */ = {isa = PBXBuildFile; fileRef = D408B32F2B07BD1900A11E5E /* PaddingBottomModifier.swift */; };
		D408B3322B07C1F000A11E5E /* WidthButtonModifier.swift in Sources */ = {isa = PBXBuildFile; fileRef = D408B3312B07C1F000A11E5E /* WidthButtonModifier.swift */; };
		D42EAB362B0FD62300071B44 /* Sinusoidal.metal in Sources */ = {isa = PBXBuildFile; fileRef = D42EAB352B0FD62300071B44 /* Sinusoidal.metal */; };
		D45E5DAF2B51E199009257D1 /* ocean_waves_loop.mov in Resources */ = {isa = PBXBuildFile; fileRef = D45E5DAE2B51E199009257D1 /* ocean_waves_loop.mov */; };
		D496F7842B485178000A868E /* ProgressCircleView.swift in Sources */ = {isa = PBXBuildFile; fileRef = D496F7832B485178000A868E /* ProgressCircleView.swift */; };
		D4DD60902B1210C700DB13A1 /* SinusodalView.swift in Sources */ = {isa = PBXBuildFile; fileRef = D4DD608F2B1210C700DB13A1 /* SinusodalView.swift */; };
		D4DD60922B1211AD00DB13A1 /* CircleWavesView.swift in Sources */ = {isa = PBXBuildFile; fileRef = D4DD60912B1211AD00DB13A1 /* CircleWavesView.swift */; };
		D4DD60942B12124F00DB13A1 /* ShaderViewModel.swift in Sources */ = {isa = PBXBuildFile; fileRef = D4DD60932B12124F00DB13A1 /* ShaderViewModel.swift */; };
		D4DD60962B12180000DB13A1 /* RainbowNoiseView.swift in Sources */ = {isa = PBXBuildFile; fileRef = D4DD60952B12180000DB13A1 /* RainbowNoiseView.swift */; };
		D4DD60982B121B1100DB13A1 /* RainbowNoise.metal in Sources */ = {isa = PBXBuildFile; fileRef = D4DD60972B121B1100DB13A1 /* RainbowNoise.metal */; };
		D4DD609A2B121D2500DB13A1 /* YoutubeTutorial.metal in Sources */ = {isa = PBXBuildFile; fileRef = D4DD60992B121D2500DB13A1 /* YoutubeTutorial.metal */; };
		D4DD609C2B1224A900DB13A1 /* TestingEffectView.swift in Sources */ = {isa = PBXBuildFile; fileRef = D4DD609B2B1224A900DB13A1 /* TestingEffectView.swift */; };
		D4EE5BF32A436173009C57A2 /* Hello_WorldApp.swift in Sources */ = {isa = PBXBuildFile; fileRef = D4EE5BF22A436173009C57A2 /* Hello_WorldApp.swift */; };
		D4EE5BF52A436173009C57A2 /* ContentView.swift in Sources */ = {isa = PBXBuildFile; fileRef = D4EE5BF42A436173009C57A2 /* ContentView.swift */; };
		D4EE5BF72A436175009C57A2 /* Assets.xcassets in Resources */ = {isa = PBXBuildFile; fileRef = D4EE5BF62A436175009C57A2 /* Assets.xcassets */; };
		D4EE5BFA2A436175009C57A2 /* Preview Assets.xcassets in Resources */ = {isa = PBXBuildFile; fileRef = D4EE5BF92A436175009C57A2 /* Preview Assets.xcassets */; };
/* End PBXBuildFile section */

/* Begin PBXFileReference section */
		060637DB2A5473380070B85E /* PaletteViewModel.swift */ = {isa = PBXFileReference; lastKnownFileType = sourcecode.swift; path = PaletteViewModel.swift; sourceTree = "<group>"; };
		060637DD2A5DCB380070B85E /* Hello World.entitlements */ = {isa = PBXFileReference; lastKnownFileType = text.plist.entitlements; path = "Hello World.entitlements"; sourceTree = "<group>"; };
		06448AEC2B189EC800EA9CA6 /* Diamond.metal */ = {isa = PBXFileReference; fileEncoding = 4; lastKnownFileType = sourcecode.metal; path = Diamond.metal; sourceTree = "<group>"; };
		06448AED2B189EC800EA9CA6 /* CircleWave.metal */ = {isa = PBXFileReference; fileEncoding = 4; lastKnownFileType = sourcecode.metal; path = CircleWave.metal; sourceTree = "<group>"; };
		06448AEE2B189EC800EA9CA6 /* Pixellate.metal */ = {isa = PBXFileReference; fileEncoding = 4; lastKnownFileType = sourcecode.metal; path = Pixellate.metal; sourceTree = "<group>"; };
		06448AEF2B189EC800EA9CA6 /* DiamondWave.metal */ = {isa = PBXFileReference; fileEncoding = 4; lastKnownFileType = sourcecode.metal; path = DiamondWave.metal; sourceTree = "<group>"; };
		06448AF02B189EC800EA9CA6 /* Radial.metal */ = {isa = PBXFileReference; fileEncoding = 4; lastKnownFileType = sourcecode.metal; path = Radial.metal; sourceTree = "<group>"; };
		06448AF12B189EC800EA9CA6 /* Circle.metal */ = {isa = PBXFileReference; fileEncoding = 4; lastKnownFileType = sourcecode.metal; path = Circle.metal; sourceTree = "<group>"; };
		06448AF22B189EC800EA9CA6 /* Crosswarp.metal */ = {isa = PBXFileReference; fileEncoding = 4; lastKnownFileType = sourcecode.metal; path = Crosswarp.metal; sourceTree = "<group>"; };
		06448AF32B189EC800EA9CA6 /* Wind.metal */ = {isa = PBXFileReference; fileEncoding = 4; lastKnownFileType = sourcecode.metal; path = Wind.metal; sourceTree = "<group>"; };
		06448AF42B189EC800EA9CA6 /* Swirl.metal */ = {isa = PBXFileReference; fileEncoding = 4; lastKnownFileType = sourcecode.metal; path = Swirl.metal; sourceTree = "<group>"; };
		06448AFF2B189ED600EA9CA6 /* TransitionShader.swift */ = {isa = PBXFileReference; fileEncoding = 4; lastKnownFileType = sourcecode.swift; path = TransitionShader.swift; sourceTree = "<group>"; };
		0665ED232B1617BF003235B6 /* ButtonsPanelView.swift */ = {isa = PBXFileReference; lastKnownFileType = sourcecode.swift; path = ButtonsPanelView.swift; sourceTree = "<group>"; };
		0665ED252B161A9B003235B6 /* PalettesEnum.swift */ = {isa = PBXFileReference; lastKnownFileType = sourcecode.swift; path = PalettesEnum.swift; sourceTree = "<group>"; };
		0665ED292B164720003235B6 /* Hello-World-Info.plist */ = {isa = PBXFileReference; lastKnownFileType = text.plist; path = "Hello-World-Info.plist"; sourceTree = SOURCE_ROOT; };
		0683CD7F2B33161D00AA61C0 /* MeditationView.swift */ = {isa = PBXFileReference; lastKnownFileType = sourcecode.swift; path = MeditationView.swift; sourceTree = "<group>"; };
		0683CD812B33168300AA61C0 /* MeditationViewModel.swift */ = {isa = PBXFileReference; lastKnownFileType = sourcecode.swift; path = MeditationViewModel.swift; sourceTree = "<group>"; };
		0691504C2B07E1F500D25120 /* CircleWave.metal */ = {isa = PBXFileReference; fileEncoding = 4; lastKnownFileType = sourcecode.metal; path = CircleWave.metal; sourceTree = "<group>"; };
		0691504F2B07E27E00D25120 /* Transitions.swift */ = {isa = PBXFileReference; fileEncoding = 4; lastKnownFileType = sourcecode.swift; path = Transitions.swift; sourceTree = "<group>"; };
		06BFC45F2AF2527100608D3F /* ShaderScreen.swift */ = {isa = PBXFileReference; lastKnownFileType = sourcecode.swift; path = ShaderScreen.swift; sourceTree = "<group>"; };
		06BFC4612AF252EB00608D3F /* PaletteScreen.swift */ = {isa = PBXFileReference; lastKnownFileType = sourcecode.swift; path = PaletteScreen.swift; sourceTree = "<group>"; };
		06BFC4642AF2534500608D3F /* View+Ext.swift */ = {isa = PBXFileReference; lastKnownFileType = sourcecode.swift; path = "View+Ext.swift"; sourceTree = "<group>"; };
		06BFC4662AF2570500608D3F /* SettingsView.swift */ = {isa = PBXFileReference; lastKnownFileType = sourcecode.swift; path = SettingsView.swift; sourceTree = "<group>"; };
		06BFC4682AF257C100608D3F /* MeditationScreen.swift */ = {isa = PBXFileReference; lastKnownFileType = sourcecode.swift; path = MeditationScreen.swift; sourceTree = "<group>"; };
		06CCB77C2A73DD050020DE78 /* AudioAnalizer.swift */ = {isa = PBXFileReference; lastKnownFileType = sourcecode.swift; path = AudioAnalizer.swift; sourceTree = "<group>"; };
		D408B32F2B07BD1900A11E5E /* PaddingBottomModifier.swift */ = {isa = PBXFileReference; lastKnownFileType = sourcecode.swift; path = PaddingBottomModifier.swift; sourceTree = "<group>"; };
		D408B3312B07C1F000A11E5E /* WidthButtonModifier.swift */ = {isa = PBXFileReference; lastKnownFileType = sourcecode.swift; path = WidthButtonModifier.swift; sourceTree = "<group>"; };
		D42EAB352B0FD62300071B44 /* Sinusoidal.metal */ = {isa = PBXFileReference; lastKnownFileType = sourcecode.metal; path = Sinusoidal.metal; sourceTree = "<group>"; };
		D45E5DAE2B51E199009257D1 /* ocean_waves_loop.mov */ = {isa = PBXFileReference; lastKnownFileType = video.quicktime; path = ocean_waves_loop.mov; sourceTree = "<group>"; };
		D496F7832B485178000A868E /* ProgressCircleView.swift */ = {isa = PBXFileReference; lastKnownFileType = sourcecode.swift; path = ProgressCircleView.swift; sourceTree = "<group>"; };
		D4DD608F2B1210C700DB13A1 /* SinusodalView.swift */ = {isa = PBXFileReference; lastKnownFileType = sourcecode.swift; path = SinusodalView.swift; sourceTree = "<group>"; };
		D4DD60912B1211AD00DB13A1 /* CircleWavesView.swift */ = {isa = PBXFileReference; lastKnownFileType = sourcecode.swift; path = CircleWavesView.swift; sourceTree = "<group>"; };
		D4DD60932B12124F00DB13A1 /* ShaderViewModel.swift */ = {isa = PBXFileReference; lastKnownFileType = sourcecode.swift; path = ShaderViewModel.swift; sourceTree = "<group>"; };
		D4DD60952B12180000DB13A1 /* RainbowNoiseView.swift */ = {isa = PBXFileReference; lastKnownFileType = sourcecode.swift; path = RainbowNoiseView.swift; sourceTree = "<group>"; };
		D4DD60972B121B1100DB13A1 /* RainbowNoise.metal */ = {isa = PBXFileReference; lastKnownFileType = sourcecode.metal; path = RainbowNoise.metal; sourceTree = "<group>"; };
		D4DD60992B121D2500DB13A1 /* YoutubeTutorial.metal */ = {isa = PBXFileReference; lastKnownFileType = sourcecode.metal; path = YoutubeTutorial.metal; sourceTree = "<group>"; };
		D4DD609B2B1224A900DB13A1 /* TestingEffectView.swift */ = {isa = PBXFileReference; lastKnownFileType = sourcecode.swift; path = TestingEffectView.swift; sourceTree = "<group>"; };
		D4DF3A302A97698400AEED77 /* Hello WorldDebug.entitlements */ = {isa = PBXFileReference; lastKnownFileType = text.plist.entitlements; path = "Hello WorldDebug.entitlements"; sourceTree = "<group>"; };
		D4EE5BEF2A436173009C57A2 /* Hello World.app */ = {isa = PBXFileReference; explicitFileType = wrapper.application; includeInIndex = 0; path = "Hello World.app"; sourceTree = BUILT_PRODUCTS_DIR; };
		D4EE5BF22A436173009C57A2 /* Hello_WorldApp.swift */ = {isa = PBXFileReference; lastKnownFileType = sourcecode.swift; path = Hello_WorldApp.swift; sourceTree = "<group>"; };
		D4EE5BF42A436173009C57A2 /* ContentView.swift */ = {isa = PBXFileReference; lastKnownFileType = sourcecode.swift; path = ContentView.swift; sourceTree = "<group>"; };
		D4EE5BF62A436175009C57A2 /* Assets.xcassets */ = {isa = PBXFileReference; lastKnownFileType = folder.assetcatalog; path = Assets.xcassets; sourceTree = "<group>"; };
		D4EE5BF92A436175009C57A2 /* Preview Assets.xcassets */ = {isa = PBXFileReference; lastKnownFileType = folder.assetcatalog; path = "Preview Assets.xcassets"; sourceTree = "<group>"; };
/* End PBXFileReference section */

/* Begin PBXFrameworksBuildPhase section */
		D4EE5BEC2A436173009C57A2 /* Frameworks */ = {
			isa = PBXFrameworksBuildPhase;
			buildActionMask = 2147483647;
			files = (
			);
			runOnlyForDeploymentPostprocessing = 0;
		};
/* End PBXFrameworksBuildPhase section */

/* Begin PBXGroup section */
		06448AEB2B189EC800EA9CA6 /* Transition */ = {
			isa = PBXGroup;
			children = (
				06448AEC2B189EC800EA9CA6 /* Diamond.metal */,
				06448AED2B189EC800EA9CA6 /* CircleWave.metal */,
				06448AEE2B189EC800EA9CA6 /* Pixellate.metal */,
				06448AEF2B189EC800EA9CA6 /* DiamondWave.metal */,
				06448AF02B189EC800EA9CA6 /* Radial.metal */,
				06448AF12B189EC800EA9CA6 /* Circle.metal */,
				06448AF22B189EC800EA9CA6 /* Crosswarp.metal */,
				06448AF32B189EC800EA9CA6 /* Wind.metal */,
				06448AF42B189EC800EA9CA6 /* Swirl.metal */,
			);
			path = Transition;
			sourceTree = "<group>";
		};
		06448AFE2B189ED600EA9CA6 /* ShaderDescriptions */ = {
			isa = PBXGroup;
			children = (
				06448AFF2B189ED600EA9CA6 /* TransitionShader.swift */,
			);
			name = ShaderDescriptions;
			path = "Hello World/ShaderDescriptions";
			sourceTree = SOURCE_ROOT;
		};
		0691504B2B07E1CC00D25120 /* Shaders */ = {
			isa = PBXGroup;
			children = (
				06448AEB2B189EC800EA9CA6 /* Transition */,
				0691504C2B07E1F500D25120 /* CircleWave.metal */,
				D42EAB352B0FD62300071B44 /* Sinusoidal.metal */,
				D4DD60972B121B1100DB13A1 /* RainbowNoise.metal */,
				D4DD60992B121D2500DB13A1 /* YoutubeTutorial.metal */,
			);
			path = Shaders;
			sourceTree = "<group>";
		};
		0691504E2B07E26500D25120 /* Transitions */ = {
			isa = PBXGroup;
			children = (
				0691504F2B07E27E00D25120 /* Transitions.swift */,
			);
			path = Transitions;
			sourceTree = "<group>";
		};
		06BFC4632AF2532300608D3F /* Extensions */ = {
			isa = PBXGroup;
			children = (
				06BFC4642AF2534500608D3F /* View+Ext.swift */,
			);
			path = Extensions;
			sourceTree = "<group>";
		};
		D408B32E2B07BD0000A11E5E /* Modifiers */ = {
			isa = PBXGroup;
			children = (
				D408B32F2B07BD1900A11E5E /* PaddingBottomModifier.swift */,
				D408B3312B07C1F000A11E5E /* WidthButtonModifier.swift */,
			);
			path = Modifiers;
			sourceTree = "<group>";
		};
		D45E5DAD2B51E177009257D1 /* Assets */ = {
			isa = PBXGroup;
			children = (
				D45E5DAE2B51E199009257D1 /* ocean_waves_loop.mov */,
			);
			path = Assets;
			sourceTree = "<group>";
		};
		D4DD608C2B12106B00DB13A1 /* Screens */ = {
			isa = PBXGroup;
			children = (
				06BFC4612AF252EB00608D3F /* PaletteScreen.swift */,
				06BFC4662AF2570500608D3F /* SettingsView.swift */,
				06BFC45F2AF2527100608D3F /* ShaderScreen.swift */,
				06BFC4682AF257C100608D3F /* MeditationScreen.swift */,
			);
			path = Screens;
			sourceTree = "<group>";
		};
		D4DD608D2B12108A00DB13A1 /* ViewModels */ = {
			isa = PBXGroup;
			children = (
				060637DB2A5473380070B85E /* PaletteViewModel.swift */,
				0683CD812B33168300AA61C0 /* MeditationViewModel.swift */,
				D4DD60932B12124F00DB13A1 /* ShaderViewModel.swift */,
				0665ED252B161A9B003235B6 /* PalettesEnum.swift */,
			);
			path = ViewModels;
			sourceTree = "<group>";
		};
		D4DD608E2B1210B700DB13A1 /* Views */ = {
			isa = PBXGroup;
			children = (
				0665ED232B1617BF003235B6 /* ButtonsPanelView.swift */,
				D4DD608F2B1210C700DB13A1 /* SinusodalView.swift */,
				D4DD60912B1211AD00DB13A1 /* CircleWavesView.swift */,
				0683CD7F2B33161D00AA61C0 /* MeditationView.swift */,
				D4DD60952B12180000DB13A1 /* RainbowNoiseView.swift */,
				D4DD609B2B1224A900DB13A1 /* TestingEffectView.swift */,
				D496F7832B485178000A868E /* ProgressCircleView.swift */,
			);
			path = Views;
			sourceTree = "<group>";
		};
		D4EE5BE62A436173009C57A2 = {
			isa = PBXGroup;
			children = (
				D4EE5BF12A436173009C57A2 /* Hello World */,
				D4EE5BF02A436173009C57A2 /* Products */,
			);
			sourceTree = "<group>";
		};
		D4EE5BF02A436173009C57A2 /* Products */ = {
			isa = PBXGroup;
			children = (
				D4EE5BEF2A436173009C57A2 /* Hello World.app */,
			);
			name = Products;
			sourceTree = "<group>";
		};
		D4EE5BF12A436173009C57A2 /* Hello World */ = {
			isa = PBXGroup;
			children = (
				D45E5DAD2B51E177009257D1 /* Assets */,
				0665ED292B164720003235B6 /* Hello-World-Info.plist */,
				06448AFE2B189ED600EA9CA6 /* ShaderDescriptions */,
				D4DD608E2B1210B700DB13A1 /* Views */,
				D4DD608D2B12108A00DB13A1 /* ViewModels */,
				D4DD608C2B12106B00DB13A1 /* Screens */,
				0691504E2B07E26500D25120 /* Transitions */,
				0691504B2B07E1CC00D25120 /* Shaders */,
				D408B32E2B07BD0000A11E5E /* Modifiers */,
				D4DF3A302A97698400AEED77 /* Hello WorldDebug.entitlements */,
				060637DD2A5DCB380070B85E /* Hello World.entitlements */,
				06BFC4632AF2532300608D3F /* Extensions */,
				D4EE5BF22A436173009C57A2 /* Hello_WorldApp.swift */,
				D4EE5BF42A436173009C57A2 /* ContentView.swift */,
				06CCB77C2A73DD050020DE78 /* AudioAnalizer.swift */,
				D4EE5BF62A436175009C57A2 /* Assets.xcassets */,
				D4EE5BF82A436175009C57A2 /* Preview Content */,
			);
			path = "Hello World";
			sourceTree = "<group>";
		};
		D4EE5BF82A436175009C57A2 /* Preview Content */ = {
			isa = PBXGroup;
			children = (
				D4EE5BF92A436175009C57A2 /* Preview Assets.xcassets */,
			);
			path = "Preview Content";
			sourceTree = "<group>";
		};
/* End PBXGroup section */

/* Begin PBXNativeTarget section */
		D4EE5BEE2A436173009C57A2 /* Hello World */ = {
			isa = PBXNativeTarget;
			buildConfigurationList = D4EE5BFD2A436175009C57A2 /* Build configuration list for PBXNativeTarget "Hello World" */;
			buildPhases = (
				D4EE5BEB2A436173009C57A2 /* Sources */,
				D4EE5BEC2A436173009C57A2 /* Frameworks */,
				D4EE5BED2A436173009C57A2 /* Resources */,
			);
			buildRules = (
			);
			dependencies = (
			);
			name = "Hello World";
			productName = "Hello World";
			productReference = D4EE5BEF2A436173009C57A2 /* Hello World.app */;
			productType = "com.apple.product-type.application";
		};
/* End PBXNativeTarget section */

/* Begin PBXProject section */
		D4EE5BE72A436173009C57A2 /* Project object */ = {
			isa = PBXProject;
			attributes = {
				BuildIndependentTargetsInParallel = 1;
				LastSwiftUpdateCheck = 1430;
				LastUpgradeCheck = 1500;
				TargetAttributes = {
					D4EE5BEE2A436173009C57A2 = {
						CreatedOnToolsVersion = 14.3.1;
					};
				};
			};
			buildConfigurationList = D4EE5BEA2A436173009C57A2 /* Build configuration list for PBXProject "Hello World" */;
			compatibilityVersion = "Xcode 14.0";
			developmentRegion = en;
			hasScannedForEncodings = 0;
			knownRegions = (
				en,
				Base,
			);
			mainGroup = D4EE5BE62A436173009C57A2;
			productRefGroup = D4EE5BF02A436173009C57A2 /* Products */;
			projectDirPath = "";
			projectRoot = "";
			targets = (
				D4EE5BEE2A436173009C57A2 /* Hello World */,
			);
		};
/* End PBXProject section */

/* Begin PBXResourcesBuildPhase section */
		D4EE5BED2A436173009C57A2 /* Resources */ = {
			isa = PBXResourcesBuildPhase;
			buildActionMask = 2147483647;
			files = (
				D45E5DAF2B51E199009257D1 /* ocean_waves_loop.mov in Resources */,
				D4EE5BFA2A436175009C57A2 /* Preview Assets.xcassets in Resources */,
				D4EE5BF72A436175009C57A2 /* Assets.xcassets in Resources */,
			);
			runOnlyForDeploymentPostprocessing = 0;
		};
/* End PBXResourcesBuildPhase section */

/* Begin PBXSourcesBuildPhase section */
		D4EE5BEB2A436173009C57A2 /* Sources */ = {
			isa = PBXSourcesBuildPhase;
			buildActionMask = 2147483647;
			files = (
				D4DD609C2B1224A900DB13A1 /* TestingEffectView.swift in Sources */,
				0691504D2B07E1F500D25120 /* CircleWave.metal in Sources */,
				060637DC2A5473380070B85E /* PaletteViewModel.swift in Sources */,
				D42EAB362B0FD62300071B44 /* Sinusoidal.metal in Sources */,
				06448AF62B189EC800EA9CA6 /* CircleWave.metal in Sources */,
				D408B3302B07BD1900A11E5E /* PaddingBottomModifier.swift in Sources */,
				06CCB77D2A73DD050020DE78 /* AudioAnalizer.swift in Sources */,
				D4DD60922B1211AD00DB13A1 /* CircleWavesView.swift in Sources */,
				06BFC4652AF2534500608D3F /* View+Ext.swift in Sources */,
				06448AFA2B189EC800EA9CA6 /* Circle.metal in Sources */,
				06BFC4692AF257C100608D3F /* MeditationScreen.swift in Sources */,
				069150502B07E27E00D25120 /* Transitions.swift in Sources */,
				06BFC4602AF2527100608D3F /* ShaderScreen.swift in Sources */,
				D496F7842B485178000A868E /* ProgressCircleView.swift in Sources */,
				06448AF52B189EC800EA9CA6 /* Diamond.metal in Sources */,
				0683CD822B33168300AA61C0 /* MeditationViewModel.swift in Sources */,
				0665ED242B1617BF003235B6 /* ButtonsPanelView.swift in Sources */,
				06BFC4622AF252EB00608D3F /* PaletteScreen.swift in Sources */,
				0683CD802B33161D00AA61C0 /* MeditationView.swift in Sources */,
				D4DD60902B1210C700DB13A1 /* SinusodalView.swift in Sources */,
				0665ED262B161A9B003235B6 /* PalettesEnum.swift in Sources */,
				06448AFB2B189EC800EA9CA6 /* Crosswarp.metal in Sources */,
				06448AF92B189EC800EA9CA6 /* Radial.metal in Sources */,
				06BFC4672AF2570500608D3F /* SettingsView.swift in Sources */,
				D4DD609A2B121D2500DB13A1 /* YoutubeTutorial.metal in Sources */,
				D4DD60962B12180000DB13A1 /* RainbowNoiseView.swift in Sources */,
				06448AF82B189EC800EA9CA6 /* DiamondWave.metal in Sources */,
				06448AF72B189EC800EA9CA6 /* Pixellate.metal in Sources */,
				D408B3322B07C1F000A11E5E /* WidthButtonModifier.swift in Sources */,
				06448AFD2B189EC800EA9CA6 /* Swirl.metal in Sources */,
				D4DD60982B121B1100DB13A1 /* RainbowNoise.metal in Sources */,
				06448B042B189ED600EA9CA6 /* TransitionShader.swift in Sources */,
				D4EE5BF52A436173009C57A2 /* ContentView.swift in Sources */,
				06448AFC2B189EC800EA9CA6 /* Wind.metal in Sources */,
				D4EE5BF32A436173009C57A2 /* Hello_WorldApp.swift in Sources */,
				D4DD60942B12124F00DB13A1 /* ShaderViewModel.swift in Sources */,
			);
			runOnlyForDeploymentPostprocessing = 0;
		};
/* End PBXSourcesBuildPhase section */

/* Begin XCBuildConfiguration section */
		D4EE5BFB2A436175009C57A2 /* Debug */ = {
			isa = XCBuildConfiguration;
			buildSettings = {
				ALWAYS_SEARCH_USER_PATHS = NO;
				CLANG_ANALYZER_NONNULL = YES;
				CLANG_ANALYZER_NUMBER_OBJECT_CONVERSION = YES_AGGRESSIVE;
				CLANG_CXX_LANGUAGE_STANDARD = "gnu++20";
				CLANG_ENABLE_MODULES = YES;
				CLANG_ENABLE_OBJC_ARC = YES;
				CLANG_ENABLE_OBJC_WEAK = YES;
				CLANG_WARN_BLOCK_CAPTURE_AUTORELEASING = YES;
				CLANG_WARN_BOOL_CONVERSION = YES;
				CLANG_WARN_COMMA = YES;
				CLANG_WARN_CONSTANT_CONVERSION = YES;
				CLANG_WARN_DEPRECATED_OBJC_IMPLEMENTATIONS = YES;
				CLANG_WARN_DIRECT_OBJC_ISA_USAGE = YES_ERROR;
				CLANG_WARN_DOCUMENTATION_COMMENTS = YES;
				CLANG_WARN_EMPTY_BODY = YES;
				CLANG_WARN_ENUM_CONVERSION = YES;
				CLANG_WARN_INFINITE_RECURSION = YES;
				CLANG_WARN_INT_CONVERSION = YES;
				CLANG_WARN_NON_LITERAL_NULL_CONVERSION = YES;
				CLANG_WARN_OBJC_IMPLICIT_RETAIN_SELF = YES;
				CLANG_WARN_OBJC_LITERAL_CONVERSION = YES;
				CLANG_WARN_OBJC_ROOT_CLASS = YES_ERROR;
				CLANG_WARN_QUOTED_INCLUDE_IN_FRAMEWORK_HEADER = YES;
				CLANG_WARN_RANGE_LOOP_ANALYSIS = YES;
				CLANG_WARN_STRICT_PROTOTYPES = YES;
				CLANG_WARN_SUSPICIOUS_MOVE = YES;
				CLANG_WARN_UNGUARDED_AVAILABILITY = YES_AGGRESSIVE;
				CLANG_WARN_UNREACHABLE_CODE = YES;
				CLANG_WARN__DUPLICATE_METHOD_MATCH = YES;
				COPY_PHASE_STRIP = NO;
				DEBUG_INFORMATION_FORMAT = dwarf;
				ENABLE_STRICT_OBJC_MSGSEND = YES;
				ENABLE_TESTABILITY = YES;
				ENABLE_USER_SCRIPT_SANDBOXING = YES;
				GCC_C_LANGUAGE_STANDARD = gnu11;
				GCC_DYNAMIC_NO_PIC = NO;
				GCC_NO_COMMON_BLOCKS = YES;
				GCC_OPTIMIZATION_LEVEL = 0;
				GCC_PREPROCESSOR_DEFINITIONS = (
					"DEBUG=1",
					"$(inherited)",
				);
				GCC_WARN_64_TO_32_BIT_CONVERSION = YES;
				GCC_WARN_ABOUT_RETURN_TYPE = YES_ERROR;
				GCC_WARN_UNDECLARED_SELECTOR = YES;
				GCC_WARN_UNINITIALIZED_AUTOS = YES_AGGRESSIVE;
				GCC_WARN_UNUSED_FUNCTION = YES;
				GCC_WARN_UNUSED_VARIABLE = YES;
				IPHONEOS_DEPLOYMENT_TARGET = 17.0;
				MTL_ENABLE_DEBUG_INFO = INCLUDE_SOURCE;
				MTL_FAST_MATH = YES;
				ONLY_ACTIVE_ARCH = YES;
				SDKROOT = iphoneos;
				SWIFT_ACTIVE_COMPILATION_CONDITIONS = DEBUG;
				SWIFT_OPTIMIZATION_LEVEL = "-Onone";
			};
			name = Debug;
		};
		D4EE5BFC2A436175009C57A2 /* Release */ = {
			isa = XCBuildConfiguration;
			buildSettings = {
				ALWAYS_SEARCH_USER_PATHS = NO;
				CLANG_ANALYZER_NONNULL = YES;
				CLANG_ANALYZER_NUMBER_OBJECT_CONVERSION = YES_AGGRESSIVE;
				CLANG_CXX_LANGUAGE_STANDARD = "gnu++20";
				CLANG_ENABLE_MODULES = YES;
				CLANG_ENABLE_OBJC_ARC = YES;
				CLANG_ENABLE_OBJC_WEAK = YES;
				CLANG_WARN_BLOCK_CAPTURE_AUTORELEASING = YES;
				CLANG_WARN_BOOL_CONVERSION = YES;
				CLANG_WARN_COMMA = YES;
				CLANG_WARN_CONSTANT_CONVERSION = YES;
				CLANG_WARN_DEPRECATED_OBJC_IMPLEMENTATIONS = YES;
				CLANG_WARN_DIRECT_OBJC_ISA_USAGE = YES_ERROR;
				CLANG_WARN_DOCUMENTATION_COMMENTS = YES;
				CLANG_WARN_EMPTY_BODY = YES;
				CLANG_WARN_ENUM_CONVERSION = YES;
				CLANG_WARN_INFINITE_RECURSION = YES;
				CLANG_WARN_INT_CONVERSION = YES;
				CLANG_WARN_NON_LITERAL_NULL_CONVERSION = YES;
				CLANG_WARN_OBJC_IMPLICIT_RETAIN_SELF = YES;
				CLANG_WARN_OBJC_LITERAL_CONVERSION = YES;
				CLANG_WARN_OBJC_ROOT_CLASS = YES_ERROR;
				CLANG_WARN_QUOTED_INCLUDE_IN_FRAMEWORK_HEADER = YES;
				CLANG_WARN_RANGE_LOOP_ANALYSIS = YES;
				CLANG_WARN_STRICT_PROTOTYPES = YES;
				CLANG_WARN_SUSPICIOUS_MOVE = YES;
				CLANG_WARN_UNGUARDED_AVAILABILITY = YES_AGGRESSIVE;
				CLANG_WARN_UNREACHABLE_CODE = YES;
				CLANG_WARN__DUPLICATE_METHOD_MATCH = YES;
				COPY_PHASE_STRIP = NO;
				DEBUG_INFORMATION_FORMAT = "dwarf-with-dsym";
				ENABLE_NS_ASSERTIONS = NO;
				ENABLE_STRICT_OBJC_MSGSEND = YES;
				ENABLE_USER_SCRIPT_SANDBOXING = YES;
				GCC_C_LANGUAGE_STANDARD = gnu11;
				GCC_NO_COMMON_BLOCKS = YES;
				GCC_WARN_64_TO_32_BIT_CONVERSION = YES;
				GCC_WARN_ABOUT_RETURN_TYPE = YES_ERROR;
				GCC_WARN_UNDECLARED_SELECTOR = YES;
				GCC_WARN_UNINITIALIZED_AUTOS = YES_AGGRESSIVE;
				GCC_WARN_UNUSED_FUNCTION = YES;
				GCC_WARN_UNUSED_VARIABLE = YES;
				IPHONEOS_DEPLOYMENT_TARGET = 17.0;
				MTL_ENABLE_DEBUG_INFO = NO;
				MTL_FAST_MATH = YES;
				SDKROOT = iphoneos;
				SWIFT_COMPILATION_MODE = wholemodule;
				SWIFT_OPTIMIZATION_LEVEL = "-O";
				VALIDATE_PRODUCT = YES;
			};
			name = Release;
		};
		D4EE5BFE2A436175009C57A2 /* Debug */ = {
			isa = XCBuildConfiguration;
			buildSettings = {
				ASSETCATALOG_COMPILER_APPICON_NAME = AppIcon;
				ASSETCATALOG_COMPILER_GLOBAL_ACCENT_COLOR_NAME = AccentColor;
				ASSETCATALOG_COMPILER_INCLUDE_ALL_APPICON_ASSETS = NO;
				CODE_SIGN_ENTITLEMENTS = "Hello World/Hello WorldDebug.entitlements";
				CODE_SIGN_IDENTITY = "Apple Development";
				CODE_SIGN_STYLE = Automatic;
				CURRENT_PROJECT_VERSION = 1;
				DEVELOPMENT_ASSET_PATHS = "\"Hello World/Preview Content\"";
				DEVELOPMENT_TEAM = UDXEH93L65;
				ENABLE_PREVIEWS = YES;
				GENERATE_INFOPLIST_FILE = YES;
				INFOPLIST_FILE = "Hello-World-Info.plist";
				INFOPLIST_KEY_LSApplicationCategoryType = "";
				INFOPLIST_KEY_NSMicrophoneUsageDescription = "this app uses microphone to get music decibels";
				INFOPLIST_KEY_UIApplicationSceneManifest_Generation = YES;
				INFOPLIST_KEY_UIApplicationSupportsIndirectInputEvents = YES;
				INFOPLIST_KEY_UILaunchScreen_Generation = YES;
				INFOPLIST_KEY_UIRequiresFullScreen = YES;
				INFOPLIST_KEY_UIStatusBarStyle = UIStatusBarStyleLightContent;
				INFOPLIST_KEY_UISupportedInterfaceOrientations = "UIInterfaceOrientationLandscapeLeft UIInterfaceOrientationLandscapeRight UIInterfaceOrientationPortrait UIInterfaceOrientationPortraitUpsideDown";
				IPHONEOS_DEPLOYMENT_TARGET = 17.0;
				LD_RUNPATH_SEARCH_PATHS = (
					"$(inherited)",
					"@executable_path/Frameworks",
				);
				MARKETING_VERSION = 1.0;
				PRODUCT_BUNDLE_IDENTIFIER = "com.practica.test.app.Hello-World";
				PRODUCT_NAME = "$(TARGET_NAME)";
				PROVISIONING_PROFILE_SPECIFIER = "";
				SWIFT_EMIT_LOC_STRINGS = YES;
				SWIFT_VERSION = 5.0;
				TARGETED_DEVICE_FAMILY = "1,2";
			};
			name = Debug;
		};
		D4EE5BFF2A436175009C57A2 /* Release */ = {
			isa = XCBuildConfiguration;
			buildSettings = {
				ASSETCATALOG_COMPILER_APPICON_NAME = AppIcon;
				ASSETCATALOG_COMPILER_GLOBAL_ACCENT_COLOR_NAME = AccentColor;
				ASSETCATALOG_COMPILER_INCLUDE_ALL_APPICON_ASSETS = NO;
				CODE_SIGN_ENTITLEMENTS = "Hello World/Hello World.entitlements";
				CODE_SIGN_IDENTITY = "Apple Development";
				CODE_SIGN_STYLE = Automatic;
				CURRENT_PROJECT_VERSION = 1;
				DEVELOPMENT_ASSET_PATHS = "\"Hello World/Preview Content\"";
				DEVELOPMENT_TEAM = KKY4465MJH;
				ENABLE_PREVIEWS = YES;
				GENERATE_INFOPLIST_FILE = YES;
				INFOPLIST_FILE = "Hello-World-Info.plist";
				INFOPLIST_KEY_LSApplicationCategoryType = "";
				INFOPLIST_KEY_NSMicrophoneUsageDescription = "this app uses microphone to get music decibels";
				INFOPLIST_KEY_UIApplicationSceneManifest_Generation = YES;
				INFOPLIST_KEY_UIApplicationSupportsIndirectInputEvents = YES;
				INFOPLIST_KEY_UILaunchScreen_Generation = YES;
				INFOPLIST_KEY_UIRequiresFullScreen = YES;
				INFOPLIST_KEY_UIStatusBarStyle = UIStatusBarStyleLightContent;
				INFOPLIST_KEY_UISupportedInterfaceOrientations = "UIInterfaceOrientationLandscapeLeft UIInterfaceOrientationLandscapeRight UIInterfaceOrientationPortrait UIInterfaceOrientationPortraitUpsideDown";
				IPHONEOS_DEPLOYMENT_TARGET = 17.0;
				LD_RUNPATH_SEARCH_PATHS = (
					"$(inherited)",
					"@executable_path/Frameworks",
				);
				MARKETING_VERSION = 1.0;
				PRODUCT_BUNDLE_IDENTIFIER = "com.practica.test.app.Hello-World";
				PRODUCT_NAME = "$(TARGET_NAME)";
				PROVISIONING_PROFILE_SPECIFIER = "";
				SWIFT_EMIT_LOC_STRINGS = YES;
				SWIFT_VERSION = 5.0;
				TARGETED_DEVICE_FAMILY = "1,2";
			};
			name = Release;
		};
/* End XCBuildConfiguration section */

/* Begin XCConfigurationList section */
		D4EE5BEA2A436173009C57A2 /* Build configuration list for PBXProject "Hello World" */ = {
			isa = XCConfigurationList;
			buildConfigurations = (
				D4EE5BFB2A436175009C57A2 /* Debug */,
				D4EE5BFC2A436175009C57A2 /* Release */,
			);
			defaultConfigurationIsVisible = 0;
			defaultConfigurationName = Release;
		};
		D4EE5BFD2A436175009C57A2 /* Build configuration list for PBXNativeTarget "Hello World" */ = {
			isa = XCConfigurationList;
			buildConfigurations = (
				D4EE5BFE2A436175009C57A2 /* Debug */,
				D4EE5BFF2A436175009C57A2 /* Release */,
			);
			defaultConfigurationIsVisible = 0;
			defaultConfigurationName = Release;
		};
/* End XCConfigurationList section */
	};
	rootObject = D4EE5BE72A436173009C57A2 /* Project object */;
}
